<?xml version="1.0" encoding="utf-8"?>
<Project ToolsVersion="4.0" xmlns="http://schemas.microsoft.com/developer/msbuild/2003">
  <ItemGroup>
    <Filter Include="headers">
      <UniqueIdentifier>{e3eccc61-1007-41c8-adec-b64bdd1da383}</UniqueIdentifier>
    </Filter>
    <Filter Include="sources">
      <UniqueIdentifier>{ac7c1245-c4a4-4d47-b4e5-c70f33f1657e}</UniqueIdentifier>
    </Filter>
  </ItemGroup>
  <ItemGroup>
    <ClInclude Include="..\..\src\common_utils.h">
      <Filter>headers</Filter>
    </ClInclude>
    <ClInclude Include="..\..\src\defines.h">
      <Filter>headers</Filter>
    </ClInclude>
    <ClInclude Include="..\..\src\includes.h">
      <Filter>headers</Filter>
    </ClInclude>
  </ItemGroup>
  <ItemGroup>
    <ClCompile Include="..\..\src\server.c">
      <Filter>sources</Filter>
    </ClCompile>
    <ClCompile Include="..\..\src\client.c">
      <Filter>sources</Filter>
    </ClCompile>
  </ItemGroup>
</Project>