<?xml version="1.0" encoding="utf-8"?>
<Project ToolsVersion="4.0" xmlns="http://schemas.microsoft.com/developer/msbuild/2003">
  <ItemGroup>
    <ClInclude Include="..\..\src\common_utils.h">
      <Filter>headers</Filter>
    </ClInclude>
    <ClInclude Include="..\..\src\defines.h">
      <Filter>headers</Filter>
    </ClInclude>
    <ClInclude Include="..\..\src\includes.h">
      <Filter>headers</Filter>
    </ClInclude>
    <ClInclude Include="..\..\src\rsa.h">
      <Filter>headers</Filter>
    </ClInclude>
    <ClInclude Include="..\..\src\cryptography.h">
      <Filter>headers</Filter>
    </ClInclude>
  </ItemGroup>
  <ItemGroup>
    <ClCompile Include="..\..\src\client.c">
      <Filter>sources</Filter>
    </ClCompile>
    <ClCompile Include="..\..\src\server.c">
      <Filter>sources</Filter>
    </ClCompile>
  </ItemGroup>
  <ItemGroup>
    <Filter Include="sources">
      <UniqueIdentifier>{db4fe106-975f-4ba9-b5d3-54b3d55bc235}</UniqueIdentifier>
    </Filter>
    <Filter Include="headers">
      <UniqueIdentifier>{ac683502-c310-4ff5-9837-3a058ef1fca1}</UniqueIdentifier>
    </Filter>
  </ItemGroup>
</Project>